
Microsoft Visual Studio Solution File, Format Version 12.00
# Visual Studio Version 17
VisualStudioVersion = 17.5.33424.131
MinimumVisualStudioVersion = 10.0.40219.1
Project("{FAE04EC0-301F-11D3-BF4B-00C04F79EFBC}") = "SampleApp", "SampleApp.csproj", "{FB7F42E0-0C95-4CDB-B612-59AD5EC4313B}"
EndProject
Global
	GlobalSection(SolutionConfigurationPlatforms) = preSolution
		Debug|Any CPU = Debug|Any CPU
		Release|Any CPU = Release|Any CPU
	EndGlobalSection
	GlobalSection(ProjectConfigurationPlatforms) = postSolution
		{FB7F42E0-0C95-4CDB-B612-59AD5EC4313B}.Debug|Any CPU.ActiveCfg = Debug|Any CPU
		{FB7F42E0-0C95-4CDB-B612-59AD5EC4313B}.Debug|Any CPU.Build.0 = Debug|Any CPU
		{FB7F42E0-0C95-4CDB-B612-59AD5EC4313B}.Release|Any CPU.ActiveCfg = Release|Any CPU
		{FB7F42E0-0C95-4CDB-B612-59AD5EC4313B}.Release|Any CPU.Build.0 = Release|Any CPU
	EndGlobalSection
	GlobalSection(SolutionProperties) = preSolution
		HideSolutionNode = FALSE
	EndGlobalSection
	GlobalSection(ExtensibilityGlobals) = postSolution
		SolutionGuid = {6ABE9D20-D594-4EF2-8F28-7ECF35E84D92}
	EndGlobalSection
EndGlobal
